
Microsoft Visual Studio Solution File, Format Version 12.00
# Visual Studio Version 17
VisualStudioVersion = 17.8.34525.116
MinimumVisualStudioVersion = 10.0.40219.1
Project("{FAE04EC0-301F-11D3-BF4B-00C04F79EFBC}") = "ConsoleAppExArray2", "ConsoleAppExArray2\ConsoleAppExArray2.csproj", "{31CDCA7E-D7CA-4E6F-B638-BC6D033CCC90}"
EndProject
Global
	GlobalSection(SolutionConfigurationPlatforms) = preSolution
		Debug|Any CPU = Debug|Any CPU
		Release|Any CPU = Release|Any CPU
	EndGlobalSection
	GlobalSection(ProjectConfigurationPlatforms) = postSolution
		{31CDCA7E-D7CA-4E6F-B638-BC6D033CCC90}.Debug|Any CPU.ActiveCfg = Debug|Any CPU
		{31CDCA7E-D7CA-4E6F-B638-BC6D033CCC90}.Debug|Any CPU.Build.0 = Debug|Any CPU
		{31CDCA7E-D7CA-4E6F-B638-BC6D033CCC90}.Release|Any CPU.ActiveCfg = Release|Any CPU
		{31CDCA7E-D7CA-4E6F-B638-BC6D033CCC90}.Release|Any CPU.Build.0 = Release|Any CPU
	EndGlobalSection
	GlobalSection(SolutionProperties) = preSolution
		HideSolutionNode = FALSE
	EndGlobalSection
	GlobalSection(ExtensibilityGlobals) = postSolution
		SolutionGuid = {3408AB79-597D-487B-9E52-47351244CA61}
	EndGlobalSection
EndGlobal
